
Microsoft Visual Studio Solution File, Format Version 12.00
# Visual Studio Version 16
VisualStudioVersion = 16.0.30114.105
MinimumVisualStudioVersion = 10.0.40219.1
Project("{FAE04EC0-301F-11D3-BF4B-00C04F79EFBC}") = "GB_Lesson2_1", "GB_Lesson2_1\GB_Lesson2_1.csproj", "{DD69F4A4-9C74-413F-8B49-FC0C06A2F6A5}"
EndProject
Global
	GlobalSection(SolutionConfigurationPlatforms) = preSolution
		Debug|Any CPU = Debug|Any CPU
		Release|Any CPU = Release|Any CPU
	EndGlobalSection
	GlobalSection(ProjectConfigurationPlatforms) = postSolution
		{DD69F4A4-9C74-413F-8B49-FC0C06A2F6A5}.Debug|Any CPU.ActiveCfg = Debug|Any CPU
		{DD69F4A4-9C74-413F-8B49-FC0C06A2F6A5}.Debug|Any CPU.Build.0 = Debug|Any CPU
		{DD69F4A4-9C74-413F-8B49-FC0C06A2F6A5}.Release|Any CPU.ActiveCfg = Release|Any CPU
		{DD69F4A4-9C74-413F-8B49-FC0C06A2F6A5}.Release|Any CPU.Build.0 = Release|Any CPU
	EndGlobalSection
	GlobalSection(SolutionProperties) = preSolution
		HideSolutionNode = FALSE
	EndGlobalSection
	GlobalSection(ExtensibilityGlobals) = postSolution
		SolutionGuid = {F8A77CC9-EDFF-443A-8513-59A127255B8A}
	EndGlobalSection
EndGlobal
